
Microsoft Visual Studio Solution File, Format Version 12.00
# Visual Studio 15
VisualStudioVersion = 15.0.27703.2035
MinimumVisualStudioVersion = 10.0.40219.1
Project("{FAE04EC0-301F-11D3-BF4B-00C04F79EFBC}") = "Project1.UI", "Project1.UI\Project1.UI.csproj", "{26997193-B5F5-42A1-BF75-164646D33F91}"
EndProject
Project("{FAE04EC0-301F-11D3-BF4B-00C04F79EFBC}") = "Project1.Library", "Project.Library\Project1.Library.csproj", "{C3864C19-4065-4286-9711-C18EB1019139}"
EndProject
Project("{FAE04EC0-301F-11D3-BF4B-00C04F79EFBC}") = "Project1.Testing", "Project1.Testing\Project1.Testing.csproj", "{91BE6B2C-8A50-4E9D-AD1A-C588824C16C2}"
EndProject
Global
	GlobalSection(SolutionConfigurationPlatforms) = preSolution
		Debug|Any CPU = Debug|Any CPU
		Release|Any CPU = Release|Any CPU
	EndGlobalSection
	GlobalSection(ProjectConfigurationPlatforms) = postSolution
		{26997193-B5F5-42A1-BF75-164646D33F91}.Debug|Any CPU.ActiveCfg = Debug|Any CPU
		{26997193-B5F5-42A1-BF75-164646D33F91}.Debug|Any CPU.Build.0 = Debug|Any CPU
		{26997193-B5F5-42A1-BF75-164646D33F91}.Release|Any CPU.ActiveCfg = Release|Any CPU
		{26997193-B5F5-42A1-BF75-164646D33F91}.Release|Any CPU.Build.0 = Release|Any CPU
		{C3864C19-4065-4286-9711-C18EB1019139}.Debug|Any CPU.ActiveCfg = Debug|Any CPU
		{C3864C19-4065-4286-9711-C18EB1019139}.Debug|Any CPU.Build.0 = Debug|Any CPU
		{C3864C19-4065-4286-9711-C18EB1019139}.Release|Any CPU.ActiveCfg = Release|Any CPU
		{C3864C19-4065-4286-9711-C18EB1019139}.Release|Any CPU.Build.0 = Release|Any CPU
		{91BE6B2C-8A50-4E9D-AD1A-C588824C16C2}.Debug|Any CPU.ActiveCfg = Debug|Any CPU
		{91BE6B2C-8A50-4E9D-AD1A-C588824C16C2}.Debug|Any CPU.Build.0 = Debug|Any CPU
		{91BE6B2C-8A50-4E9D-AD1A-C588824C16C2}.Release|Any CPU.ActiveCfg = Release|Any CPU
		{91BE6B2C-8A50-4E9D-AD1A-C588824C16C2}.Release|Any CPU.Build.0 = Release|Any CPU
	EndGlobalSection
	GlobalSection(SolutionProperties) = preSolution
		HideSolutionNode = FALSE
	EndGlobalSection
	GlobalSection(ExtensibilityGlobals) = postSolution
		SolutionGuid = {4BE74E25-2537-4337-8F60-B60D21FEF5AF}
	EndGlobalSection
EndGlobal
